{
    "_readme": [
        "This file locks the dependencies of your project to a known state",
        "Read more about it at https://getcomposer.org/doc/01-basic-usage.md#composer-lock-the-lock-file",
        "This file is @generated automatically"
    ],
    "content-hash": "b9c75c0198f58f1b5bdfc30a1600ad80",
    "packages": [
        {
            "name": "seankndy/daemon",
            "version": "dev-master",
            "source": {
                "type": "git",
                "url": "https://github.com/seankndy/Daemon.git",
                "reference": "243c6f442d5f981eb812c8f4d6b84bf87f61e4af"
            },
            "dist": {
                "type": "zip",
                "url": "https://api.github.com/repos/seankndy/Daemon/zipball/243c6f442d5f981eb812c8f4d6b84bf87f61e4af",
                "reference": "243c6f442d5f981eb812c8f4d6b84bf87f61e4af",
                "shasum": ""
            },
            "require": {
                "php": ">=5.4.0"
            },
            "type": "library",
            "autoload": {
                "psr-4": {
                    "SeanKndy\\Daemon\\": "src/"
                }
            },
            "authors": [
                {
                    "name": "Sean Kennedy",
                    "email": "sean@kndy.net"
                }
            ],
            "description": "Simple PHP daemon helper",
            "keywords": [
                "daemon",
                "fork"
            ],
            "support": {
                "source": "https://github.com/seankndy/Daemon/tree/master",
                "issues": "https://github.com/seankndy/Daemon/issues"
            },
            "time": "2017-05-18T22:19:05+00:00"
        }
    ],
    "packages-dev": [],
    "aliases": [],
    "minimum-stability": "dev",
    "stability-flags": {
        "seankndy/daemon": 20
    },
    "prefer-stable": false,
    "prefer-lowest": false,
    "platform": [],
    "platform-dev": []
}
